
Microsoft Visual Studio Solution File, Format Version 12.00
# Visual Studio Version 17
VisualStudioVersion = 17.5.002.0
MinimumVisualStudioVersion = 10.0.40219.1
Project("{9A19103F-16F7-4668-BE54-9A1E7A4F7556}") = "AppConcurso", "AppConcurso.csproj", "{FB900E24-45DA-4B76-8DB8-D6F39E4A2745}"
EndProject
Global
	GlobalSection(SolutionConfigurationPlatforms) = preSolution
		Debug|Any CPU = Debug|Any CPU
		Release|Any CPU = Release|Any CPU
	EndGlobalSection
	GlobalSection(ProjectConfigurationPlatforms) = postSolution
		{FB900E24-45DA-4B76-8DB8-D6F39E4A2745}.Debug|Any CPU.ActiveCfg = Debug|Any CPU
		{FB900E24-45DA-4B76-8DB8-D6F39E4A2745}.Debug|Any CPU.Build.0 = Debug|Any CPU
		{FB900E24-45DA-4B76-8DB8-D6F39E4A2745}.Release|Any CPU.ActiveCfg = Release|Any CPU
		{FB900E24-45DA-4B76-8DB8-D6F39E4A2745}.Release|Any CPU.Build.0 = Release|Any CPU
	EndGlobalSection
	GlobalSection(SolutionProperties) = preSolution
		HideSolutionNode = FALSE
	EndGlobalSection
	GlobalSection(ExtensibilityGlobals) = postSolution
		SolutionGuid = {5FEC014C-11E9-472F-92DA-8B760C0C375B}
	EndGlobalSection
EndGlobal
